
Microsoft Visual Studio Solution File, Format Version 12.00
# Visual Studio 15
VisualStudioVersion = 15.0.28307.489
MinimumVisualStudioVersion = 10.0.40219.1
Project("{FAE04EC0-301F-11D3-BF4B-00C04F79EFBC}") = "PLWebAPI", "PLWebAPI\PLWebAPI.csproj", "{6DE678A0-6768-45A6-8453-E490007F10C8}"
EndProject
Global
	GlobalSection(SolutionConfigurationPlatforms) = preSolution
		Debug|Any CPU = Debug|Any CPU
		Release|Any CPU = Release|Any CPU
	EndGlobalSection
	GlobalSection(ProjectConfigurationPlatforms) = postSolution
		{6DE678A0-6768-45A6-8453-E490007F10C8}.Debug|Any CPU.ActiveCfg = Debug|Any CPU
		{6DE678A0-6768-45A6-8453-E490007F10C8}.Debug|Any CPU.Build.0 = Debug|Any CPU
		{6DE678A0-6768-45A6-8453-E490007F10C8}.Release|Any CPU.ActiveCfg = Release|Any CPU
		{6DE678A0-6768-45A6-8453-E490007F10C8}.Release|Any CPU.Build.0 = Release|Any CPU
	EndGlobalSection
	GlobalSection(SolutionProperties) = preSolution
		HideSolutionNode = FALSE
	EndGlobalSection
	GlobalSection(ExtensibilityGlobals) = postSolution
		SolutionGuid = {6352445D-44FA-4E39-B172-CFEBF243E43E}
	EndGlobalSection
EndGlobal
